
Microsoft Visual Studio Solution File, Format Version 12.00
# Visual Studio Version 17
VisualStudioVersion = 17.0.31903.59
MinimumVisualStudioVersion = 10.0.40219.1
Project("{2150E333-8FDC-42A3-9474-1A3956D46DE8}") = "src", "src", "{F9509DFF-012E-4216-B113-758158C469C1}"
EndProject
Project("{FAE04EC0-301F-11D3-BF4B-00C04F79EFBC}") = "SistemaWorkflow.Dominio", "src\SistemaWorkflow.Dominio\SistemaWorkflow.Dominio.csproj", "{9BCEA84E-D47A-4E65-972C-5521D1ADE960}"
EndProject
Project("{FAE04EC0-301F-11D3-BF4B-00C04F79EFBC}") = "SistemaWorkflow.Aplicacao", "src\SistemaWorkflow.Aplicacao\SistemaWorkflow.Aplicacao.csproj", "{DC82A690-B77B-484E-B16D-C29424B3F853}"
EndProject
Project("{FAE04EC0-301F-11D3-BF4B-00C04F79EFBC}") = "SistemaWorkflow.Infraestrutura", "src\SistemaWorkflow.Infraestrutura\SistemaWorkflow.Infraestrutura.csproj", "{477DACD8-8862-424E-B5D0-BC3854BD8CEC}"
EndProject
Project("{FAE04EC0-301F-11D3-BF4B-00C04F79EFBC}") = "SistemaWorkflow.Api", "src\SistemaWorkflow.Api\SistemaWorkflow.Api.csproj", "{77D0D904-9986-4A94-AB6E-EBAE013AC53A}"
EndProject
Project("{FAE04EC0-301F-11D3-BF4B-00C04F79EFBC}") = "SistemaWorkflow.Blazor", "src\SistemaWorkflow.Blazor\SistemaWorkflow.Blazor.csproj", "{8A5C67AE-4538-4BF9-9A4E-9C0EC338BEFC}"
EndProject
Global
	GlobalSection(SolutionConfigurationPlatforms) = preSolution
		Debug|Any CPU = Debug|Any CPU
		Release|Any CPU = Release|Any CPU
	EndGlobalSection
	GlobalSection(SolutionProperties) = preSolution
		HideSolutionNode = FALSE
	EndGlobalSection
	GlobalSection(ProjectConfigurationPlatforms) = postSolution
		{9BCEA84E-D47A-4E65-972C-5521D1ADE960}.Debug|Any CPU.ActiveCfg = Debug|Any CPU
		{9BCEA84E-D47A-4E65-972C-5521D1ADE960}.Debug|Any CPU.Build.0 = Debug|Any CPU
		{9BCEA84E-D47A-4E65-972C-5521D1ADE960}.Release|Any CPU.ActiveCfg = Release|Any CPU
		{9BCEA84E-D47A-4E65-972C-5521D1ADE960}.Release|Any CPU.Build.0 = Release|Any CPU
		{DC82A690-B77B-484E-B16D-C29424B3F853}.Debug|Any CPU.ActiveCfg = Debug|Any CPU
		{DC82A690-B77B-484E-B16D-C29424B3F853}.Debug|Any CPU.Build.0 = Debug|Any CPU
		{DC82A690-B77B-484E-B16D-C29424B3F853}.Release|Any CPU.ActiveCfg = Release|Any CPU
		{DC82A690-B77B-484E-B16D-C29424B3F853}.Release|Any CPU.Build.0 = Release|Any CPU
		{477DACD8-8862-424E-B5D0-BC3854BD8CEC}.Debug|Any CPU.ActiveCfg = Debug|Any CPU
		{477DACD8-8862-424E-B5D0-BC3854BD8CEC}.Debug|Any CPU.Build.0 = Debug|Any CPU
		{477DACD8-8862-424E-B5D0-BC3854BD8CEC}.Release|Any CPU.ActiveCfg = Release|Any CPU
		{477DACD8-8862-424E-B5D0-BC3854BD8CEC}.Release|Any CPU.Build.0 = Release|Any CPU
		{77D0D904-9986-4A94-AB6E-EBAE013AC53A}.Debug|Any CPU.ActiveCfg = Debug|Any CPU
		{77D0D904-9986-4A94-AB6E-EBAE013AC53A}.Debug|Any CPU.Build.0 = Debug|Any CPU
		{77D0D904-9986-4A94-AB6E-EBAE013AC53A}.Release|Any CPU.ActiveCfg = Release|Any CPU
		{77D0D904-9986-4A94-AB6E-EBAE013AC53A}.Release|Any CPU.Build.0 = Release|Any CPU
		{8A5C67AE-4538-4BF9-9A4E-9C0EC338BEFC}.Debug|Any CPU.ActiveCfg = Debug|Any CPU
		{8A5C67AE-4538-4BF9-9A4E-9C0EC338BEFC}.Debug|Any CPU.Build.0 = Debug|Any CPU
		{8A5C67AE-4538-4BF9-9A4E-9C0EC338BEFC}.Release|Any CPU.ActiveCfg = Release|Any CPU
		{8A5C67AE-4538-4BF9-9A4E-9C0EC338BEFC}.Release|Any CPU.Build.0 = Release|Any CPU
	EndGlobalSection
	GlobalSection(NestedProjects) = preSolution
		{9BCEA84E-D47A-4E65-972C-5521D1ADE960} = {F9509DFF-012E-4216-B113-758158C469C1}
		{DC82A690-B77B-484E-B16D-C29424B3F853} = {F9509DFF-012E-4216-B113-758158C469C1}
		{477DACD8-8862-424E-B5D0-BC3854BD8CEC} = {F9509DFF-012E-4216-B113-758158C469C1}
		{77D0D904-9986-4A94-AB6E-EBAE013AC53A} = {F9509DFF-012E-4216-B113-758158C469C1}
		{8A5C67AE-4538-4BF9-9A4E-9C0EC338BEFC} = {F9509DFF-012E-4216-B113-758158C469C1}
	EndGlobalSection
EndGlobal
